
Microsoft Visual Studio Solution File, Format Version 12.00
# Visual Studio Version 17
VisualStudioVersion = 17.9.34728.123
MinimumVisualStudioVersion = 10.0.40219.1
Project("{9A19103F-16F7-4668-BE54-9A1E7A4F7556}") = "InstrumentStore.Domain", "InstrumentStore.Core\InstrumentStore.Domain.csproj", "{99A2D860-E3B8-4253-8D1C-7D1FD4158032}"
EndProject
Project("{9A19103F-16F7-4668-BE54-9A1E7A4F7556}") = "InstrumentStore.API", "InstrumentStore.API\InstrumentStore.API.csproj", "{13F83B6F-B0D0-4A77-8E75-699B9B131369}"
EndProject
Global
	GlobalSection(SolutionConfigurationPlatforms) = preSolution
		Debug|Any CPU = Debug|Any CPU
		Release|Any CPU = Release|Any CPU
	EndGlobalSection
	GlobalSection(ProjectConfigurationPlatforms) = postSolution
		{99A2D860-E3B8-4253-8D1C-7D1FD4158032}.Debug|Any CPU.ActiveCfg = Debug|Any CPU
		{99A2D860-E3B8-4253-8D1C-7D1FD4158032}.Debug|Any CPU.Build.0 = Debug|Any CPU
		{99A2D860-E3B8-4253-8D1C-7D1FD4158032}.Release|Any CPU.ActiveCfg = Release|Any CPU
		{99A2D860-E3B8-4253-8D1C-7D1FD4158032}.Release|Any CPU.Build.0 = Release|Any CPU
		{13F83B6F-B0D0-4A77-8E75-699B9B131369}.Debug|Any CPU.ActiveCfg = Debug|Any CPU
		{13F83B6F-B0D0-4A77-8E75-699B9B131369}.Debug|Any CPU.Build.0 = Debug|Any CPU
		{13F83B6F-B0D0-4A77-8E75-699B9B131369}.Release|Any CPU.ActiveCfg = Release|Any CPU
		{13F83B6F-B0D0-4A77-8E75-699B9B131369}.Release|Any CPU.Build.0 = Release|Any CPU
	EndGlobalSection
	GlobalSection(SolutionProperties) = preSolution
		HideSolutionNode = FALSE
	EndGlobalSection
	GlobalSection(ExtensibilityGlobals) = postSolution
		SolutionGuid = {785A49E0-5337-440D-94B5-063DE85A1B3E}
	EndGlobalSection
EndGlobal
